// !$*UTF8*$!
{
	archiveVersion = 1;
	classes = {
	};
	objectVersion = 46;
	objects = {

/* Begin PBXBuildFile section */
		CA943AF618802AAE0059BF38 /* AUHListViewController.m in Sources */ = {isa = PBXBuildFile; fileRef = CA943AF518802AAE0059BF38 /* AUHListViewController.m */; };
		CA943AF918802D4E0059BF38 /* AUHItem.m in Sources */ = {isa = PBXBuildFile; fileRef = CA943AF818802D4E0059BF38 /* AUHItem.m */; };
		CA943AFB1883EFB00059BF38 /* seed.plist in Resources */ = {isa = PBXBuildFile; fileRef = CA943AFA1883EFB00059BF38 /* seed.plist */; };
		CA943AFF18840ECA0059BF38 /* AUHAddItemViewController.m in Sources */ = {isa = PBXBuildFile; fileRef = CA943AFD18840ECA0059BF38 /* AUHAddItemViewController.m */; };
		CA943B0018840ECA0059BF38 /* AUHAddItemViewController.xib in Resources */ = {isa = PBXBuildFile; fileRef = CA943AFE18840ECA0059BF38 /* AUHAddItemViewController.xib */; };
		CA943B041887C5E50059BF38 /* AUHEditItemViewController.m in Sources */ = {isa = PBXBuildFile; fileRef = CA943B021887C5E50059BF38 /* AUHEditItemViewController.m */; };
		CA943B051887C5E50059BF38 /* AUHEditItemViewController.xib in Resources */ = {isa = PBXBuildFile; fileRef = CA943B031887C5E50059BF38 /* AUHEditItemViewController.xib */; };
		CA943B08188C78880059BF38 /* AUHShoppingListViewController.m in Sources */ = {isa = PBXBuildFile; fileRef = CA943B07188C78880059BF38 /* AUHShoppingListViewController.m */; };
		CA943B0C188E8D0A0059BF38 /* checkmark.png in Resources */ = {isa = PBXBuildFile; fileRef = CA943B0A188E8D0A0059BF38 /* checkmark.png */; };
		CA943B0D188E8D0A0059BF38 /* checkmark@2x.png in Resources */ = {isa = PBXBuildFile; fileRef = CA943B0B188E8D0A0059BF38 /* checkmark@2x.png */; };
		CAB3B98F18801E61002293B6 /* Foundation.framework in Frameworks */ = {isa = PBXBuildFile; fileRef = CAB3B98E18801E61002293B6 /* Foundation.framework */; };
		CAB3B99118801E61002293B6 /* CoreGraphics.framework in Frameworks */ = {isa = PBXBuildFile; fileRef = CAB3B99018801E61002293B6 /* CoreGraphics.framework */; };
		CAB3B99318801E61002293B6 /* UIKit.framework in Frameworks */ = {isa = PBXBuildFile; fileRef = CAB3B99218801E61002293B6 /* UIKit.framework */; };
		CAB3B99918801E61002293B6 /* InfoPlist.strings in Resources */ = {isa = PBXBuildFile; fileRef = CAB3B99718801E61002293B6 /* InfoPlist.strings */; };
		CAB3B99B18801E61002293B6 /* main.m in Sources */ = {isa = PBXBuildFile; fileRef = CAB3B99A18801E61002293B6 /* main.m */; };
		CAB3B99F18801E61002293B6 /* AUHAppDelegate.m in Sources */ = {isa = PBXBuildFile; fileRef = CAB3B99E18801E61002293B6 /* AUHAppDelegate.m */; };
		CAB3B9A118801E61002293B6 /* Images.xcassets in Resources */ = {isa = PBXBuildFile; fileRef = CAB3B9A018801E61002293B6 /* Images.xcassets */; };
		CAB3B9A818801E61002293B6 /* XCTest.framework in Frameworks */ = {isa = PBXBuildFile; fileRef = CAB3B9A718801E61002293B6 /* XCTest.framework */; };
		CAB3B9A918801E61002293B6 /* Foundation.framework in Frameworks */ = {isa = PBXBuildFile; fileRef = CAB3B98E18801E61002293B6 /* Foundation.framework */; };
		CAB3B9AA18801E61002293B6 /* UIKit.framework in Frameworks */ = {isa = PBXBuildFile; fileRef = CAB3B99218801E61002293B6 /* UIKit.framework */; };
		CAB3B9B218801E61002293B6 /* InfoPlist.strings in Resources */ = {isa = PBXBuildFile; fileRef = CAB3B9B018801E61002293B6 /* InfoPlist.strings */; };
		CAB3B9B418801E61002293B6 /* HandlelisteTests.m in Sources */ = {isa = PBXBuildFile; fileRef = CAB3B9B318801E61002293B6 /* HandlelisteTests.m */; };
		CAC1DC64189682640047499F /* AUHConstants.m in Sources */ = {isa = PBXBuildFile; fileRef = CAC1DC63189682640047499F /* AUHConstants.m */; };
/* End PBXBuildFile section */

/* Begin PBXContainerItemProxy section */
		CAB3B9AB18801E61002293B6 /* PBXContainerItemProxy */ = {
			isa = PBXContainerItemProxy;
			containerPortal = CAB3B98318801E61002293B6 /* Project object */;
			proxyType = 1;
			remoteGlobalIDString = CAB3B98A18801E61002293B6;
			remoteInfo = Handleliste;
		};
/* End PBXContainerItemProxy section */

/* Begin PBXFileReference section */
		CA943AF418802AAE0059BF38 /* AUHListViewController.h */ = {isa = PBXFileReference; fileEncoding = 4; lastKnownFileType = sourcecode.c.h; path = AUHListViewController.h; sourceTree = "<group>"; };
		CA943AF518802AAE0059BF38 /* AUHListViewController.m */ = {isa = PBXFileReference; fileEncoding = 4; lastKnownFileType = sourcecode.c.objc; path = AUHListViewController.m; sourceTree = "<group>"; };
		CA943AF718802D4E0059BF38 /* AUHItem.h */ = {isa = PBXFileReference; fileEncoding = 4; lastKnownFileType = sourcecode.c.h; path = AUHItem.h; sourceTree = "<group>"; };
		CA943AF818802D4E0059BF38 /* AUHItem.m */ = {isa = PBXFileReference; fileEncoding = 4; lastKnownFileType = sourcecode.c.objc; path = AUHItem.m; sourceTree = "<group>"; };
		CA943AFA1883EFB00059BF38 /* seed.plist */ = {isa = PBXFileReference; fileEncoding = 4; lastKnownFileType = text.plist.xml; path = seed.plist; sourceTree = "<group>"; };
		CA943AFC18840ECA0059BF38 /* AUHAddItemViewController.h */ = {isa = PBXFileReference; fileEncoding = 4; lastKnownFileType = sourcecode.c.h; path = AUHAddItemViewController.h; sourceTree = "<group>"; };
		CA943AFD18840ECA0059BF38 /* AUHAddItemViewController.m */ = {isa = PBXFileReference; fileEncoding = 4; lastKnownFileType = sourcecode.c.objc; path = AUHAddItemViewController.m; sourceTree = "<group>"; };
		CA943AFE18840ECA0059BF38 /* AUHAddItemViewController.xib */ = {isa = PBXFileReference; fileEncoding = 4; lastKnownFileType = file.xib; path = AUHAddItemViewController.xib; sourceTree = "<group>"; };
		CA943B011887C5E50059BF38 /* AUHEditItemViewController.h */ = {isa = PBXFileReference; fileEncoding = 4; lastKnownFileType = sourcecode.c.h; path = AUHEditItemViewController.h; sourceTree = "<group>"; };
		CA943B021887C5E50059BF38 /* AUHEditItemViewController.m */ = {isa = PBXFileReference; fileEncoding = 4; lastKnownFileType = sourcecode.c.objc; path = AUHEditItemViewController.m; sourceTree = "<group>"; };
		CA943B031887C5E50059BF38 /* AUHEditItemViewController.xib */ = {isa = PBXFileReference; fileEncoding = 4; lastKnownFileType = file.xib; path = AUHEditItemViewController.xib; sourceTree = "<group>"; };
		CA943B06188C78880059BF38 /* AUHShoppingListViewController.h */ = {isa = PBXFileReference; fileEncoding = 4; lastKnownFileType = sourcecode.c.h; path = AUHShoppingListViewController.h; sourceTree = "<group>"; };
		CA943B07188C78880059BF38 /* AUHShoppingListViewController.m */ = {isa = PBXFileReference; fileEncoding = 4; lastKnownFileType = sourcecode.c.objc; path = AUHShoppingListViewController.m; sourceTree = "<group>"; };
		CA943B0A188E8D0A0059BF38 /* checkmark.png */ = {isa = PBXFileReference; lastKnownFileType = image.png; path = checkmark.png; sourceTree = "<group>"; };
		CA943B0B188E8D0A0059BF38 /* checkmark@2x.png */ = {isa = PBXFileReference; lastKnownFileType = image.png; path = "checkmark@2x.png"; sourceTree = "<group>"; };
		CA943B1218911BC60059BF38 /* Shoppinglist@2x.png */ = {isa = PBXFileReference; lastKnownFileType = image.png; name = "Shoppinglist@2x.png"; path = "Handleliste/Shoppinglist@2x.png"; sourceTree = "<group>"; };
		CAB3B98B18801E61002293B6 /* Handleliste.app */ = {isa = PBXFileReference; explicitFileType = wrapper.application; includeInIndex = 0; path = Handleliste.app; sourceTree = BUILT_PRODUCTS_DIR; };
		CAB3B98E18801E61002293B6 /* Foundation.framework */ = {isa = PBXFileReference; lastKnownFileType = wrapper.framework; name = Foundation.framework; path = System/Library/Frameworks/Foundation.framework; sourceTree = SDKROOT; };
		CAB3B99018801E61002293B6 /* CoreGraphics.framework */ = {isa = PBXFileReference; lastKnownFileType = wrapper.framework; name = CoreGraphics.framework; path = System/Library/Frameworks/CoreGraphics.framework; sourceTree = SDKROOT; };
		CAB3B99218801E61002293B6 /* UIKit.framework */ = {isa = PBXFileReference; lastKnownFileType = wrapper.framework; name = UIKit.framework; path = System/Library/Frameworks/UIKit.framework; sourceTree = SDKROOT; };
		CAB3B99618801E61002293B6 /* Handleliste-Info.plist */ = {isa = PBXFileReference; lastKnownFileType = text.plist.xml; path = "Handleliste-Info.plist"; sourceTree = "<group>"; };
		CAB3B99818801E61002293B6 /* en */ = {isa = PBXFileReference; lastKnownFileType = text.plist.strings; name = en; path = en.lproj/InfoPlist.strings; sourceTree = "<group>"; };
		CAB3B99A18801E61002293B6 /* main.m */ = {isa = PBXFileReference; lastKnownFileType = sourcecode.c.objc; path = main.m; sourceTree = "<group>"; };
		CAB3B99C18801E61002293B6 /* Handleliste-Prefix.pch */ = {isa = PBXFileReference; lastKnownFileType = sourcecode.c.h; path = "Handleliste-Prefix.pch"; sourceTree = "<group>"; };
		CAB3B99D18801E61002293B6 /* AUHAppDelegate.h */ = {isa = PBXFileReference; lastKnownFileType = sourcecode.c.h; path = AUHAppDelegate.h; sourceTree = "<group>"; };
		CAB3B99E18801E61002293B6 /* AUHAppDelegate.m */ = {isa = PBXFileReference; lastKnownFileType = sourcecode.c.objc; path = AUHAppDelegate.m; sourceTree = "<group>"; };
		CAB3B9A018801E61002293B6 /* Images.xcassets */ = {isa = PBXFileReference; lastKnownFileType = folder.assetcatalog; path = Images.xcassets; sourceTree = "<group>"; };
		CAB3B9A618801E61002293B6 /* HandlelisteTests.xctest */ = {isa = PBXFileReference; explicitFileType = wrapper.cfbundle; includeInIndex = 0; path = HandlelisteTests.xctest; sourceTree = BUILT_PRODUCTS_DIR; };
		CAB3B9A718801E61002293B6 /* XCTest.framework */ = {isa = PBXFileReference; lastKnownFileType = wrapper.framework; name = XCTest.framework; path = Library/Frameworks/XCTest.framework; sourceTree = DEVELOPER_DIR; };
		CAB3B9AF18801E61002293B6 /* HandlelisteTests-Info.plist */ = {isa = PBXFileReference; lastKnownFileType = text.plist.xml; path = "HandlelisteTests-Info.plist"; sourceTree = "<group>"; };
		CAB3B9B118801E61002293B6 /* en */ = {isa = PBXFileReference; lastKnownFileType = text.plist.strings; name = en; path = en.lproj/InfoPlist.strings; sourceTree = "<group>"; };
		CAB3B9B318801E61002293B6 /* HandlelisteTests.m */ = {isa = PBXFileReference; lastKnownFileType = sourcecode.c.objc; path = HandlelisteTests.m; sourceTree = "<group>"; };
		CAC1DC62189682640047499F /* AUHConstants.h */ = {isa = PBXFileReference; fileEncoding = 4; lastKnownFileType = sourcecode.c.h; path = AUHConstants.h; sourceTree = "<group>"; };
		CAC1DC63189682640047499F /* AUHConstants.m */ = {isa = PBXFileReference; fileEncoding = 4; lastKnownFileType = sourcecode.c.objc; path = AUHConstants.m; sourceTree = "<group>"; };
/* End PBXFileReference section */

/* Begin PBXFrameworksBuildPhase section */
		CAB3B98818801E61002293B6 /* Frameworks */ = {
			isa = PBXFrameworksBuildPhase;
			buildActionMask = 2147483647;
			files = (
				CAB3B99118801E61002293B6 /* CoreGraphics.framework in Frameworks */,
				CAB3B99318801E61002293B6 /* UIKit.framework in Frameworks */,
				CAB3B98F18801E61002293B6 /* Foundation.framework in Frameworks */,
			);
			runOnlyForDeploymentPostprocessing = 0;
		};
		CAB3B9A318801E61002293B6 /* Frameworks */ = {
			isa = PBXFrameworksBuildPhase;
			buildActionMask = 2147483647;
			files = (
				CAB3B9A818801E61002293B6 /* XCTest.framework in Frameworks */,
				CAB3B9AA18801E61002293B6 /* UIKit.framework in Frameworks */,
				CAB3B9A918801E61002293B6 /* Foundation.framework in Frameworks */,
			);
			runOnlyForDeploymentPostprocessing = 0;
		};
/* End PBXFrameworksBuildPhase section */

/* Begin PBXGroup section */
		CA943B09188E8D0A0059BF38 /* Resources */ = {
			isa = PBXGroup;
			children = (
				CA943B0A188E8D0A0059BF38 /* checkmark.png */,
				CA943B0B188E8D0A0059BF38 /* checkmark@2x.png */,
			);
			path = Resources;
			sourceTree = "<group>";
		};
		CAB3B98218801E61002293B6 = {
			isa = PBXGroup;
			children = (
				CA943B1218911BC60059BF38 /* Shoppinglist@2x.png */,
				CAB3B99418801E61002293B6 /* Handleliste */,
				CAB3B9AD18801E61002293B6 /* HandlelisteTests */,
				CAB3B98D18801E61002293B6 /* Frameworks */,
				CAB3B98C18801E61002293B6 /* Products */,
			);
			sourceTree = "<group>";
		};
		CAB3B98C18801E61002293B6 /* Products */ = {
			isa = PBXGroup;
			children = (
				CAB3B98B18801E61002293B6 /* Handleliste.app */,
				CAB3B9A618801E61002293B6 /* HandlelisteTests.xctest */,
			);
			name = Products;
			sourceTree = "<group>";
		};
		CAB3B98D18801E61002293B6 /* Frameworks */ = {
			isa = PBXGroup;
			children = (
				CAB3B98E18801E61002293B6 /* Foundation.framework */,
				CAB3B99018801E61002293B6 /* CoreGraphics.framework */,
				CAB3B99218801E61002293B6 /* UIKit.framework */,
				CAB3B9A718801E61002293B6 /* XCTest.framework */,
			);
			name = Frameworks;
			sourceTree = "<group>";
		};
		CAB3B99418801E61002293B6 /* Handleliste */ = {
			isa = PBXGroup;
			children = (
				CA943B09188E8D0A0059BF38 /* Resources */,
				CAB3B99D18801E61002293B6 /* AUHAppDelegate.h */,
				CAB3B99E18801E61002293B6 /* AUHAppDelegate.m */,
				CA943AFA1883EFB00059BF38 /* seed.plist */,
				CA943AF718802D4E0059BF38 /* AUHItem.h */,
				CA943AF818802D4E0059BF38 /* AUHItem.m */,
				CAB3B9A018801E61002293B6 /* Images.xcassets */,
				CAB3B99518801E61002293B6 /* Supporting Files */,
				CA943AF418802AAE0059BF38 /* AUHListViewController.h */,
				CA943AF518802AAE0059BF38 /* AUHListViewController.m */,
				CA943B011887C5E50059BF38 /* AUHEditItemViewController.h */,
				CA943B021887C5E50059BF38 /* AUHEditItemViewController.m */,
				CA943B031887C5E50059BF38 /* AUHEditItemViewController.xib */,
				CA943AFC18840ECA0059BF38 /* AUHAddItemViewController.h */,
				CA943AFD18840ECA0059BF38 /* AUHAddItemViewController.m */,
				CA943AFE18840ECA0059BF38 /* AUHAddItemViewController.xib */,
				CA943B06188C78880059BF38 /* AUHShoppingListViewController.h */,
				CA943B07188C78880059BF38 /* AUHShoppingListViewController.m */,
				CAC1DC62189682640047499F /* AUHConstants.h */,
				CAC1DC63189682640047499F /* AUHConstants.m */,
			);
			path = Handleliste;
			sourceTree = "<group>";
		};
		CAB3B99518801E61002293B6 /* Supporting Files */ = {
			isa = PBXGroup;
			children = (
				CAB3B99618801E61002293B6 /* Handleliste-Info.plist */,
				CAB3B99718801E61002293B6 /* InfoPlist.strings */,
				CAB3B99A18801E61002293B6 /* main.m */,
				CAB3B99C18801E61002293B6 /* Handleliste-Prefix.pch */,
			);
			name = "Supporting Files";
			sourceTree = "<group>";
		};
		CAB3B9AD18801E61002293B6 /* HandlelisteTests */ = {
			isa = PBXGroup;
			children = (
				CAB3B9B318801E61002293B6 /* HandlelisteTests.m */,
				CAB3B9AE18801E61002293B6 /* Supporting Files */,
			);
			path = HandlelisteTests;
			sourceTree = "<group>";
		};
		CAB3B9AE18801E61002293B6 /* Supporting Files */ = {
			isa = PBXGroup;
			children = (
				CAB3B9AF18801E61002293B6 /* HandlelisteTests-Info.plist */,
				CAB3B9B018801E61002293B6 /* InfoPlist.strings */,
			);
			name = "Supporting Files";
			sourceTree = "<group>";
		};
/* End PBXGroup section */

/* Begin PBXNativeTarget section */
		CAB3B98A18801E61002293B6 /* Handleliste */ = {
			isa = PBXNativeTarget;
			buildConfigurationList = CAB3B9B718801E61002293B6 /* Build configuration list for PBXNativeTarget "Handleliste" */;
			buildPhases = (
				CAB3B98718801E61002293B6 /* Sources */,
				CAB3B98818801E61002293B6 /* Frameworks */,
				CAB3B98918801E61002293B6 /* Resources */,
			);
			buildRules = (
			);
			dependencies = (
			);
			name = Handleliste;
			productName = Handleliste;
			productReference = CAB3B98B18801E61002293B6 /* Handleliste.app */;
			productType = "com.apple.product-type.application";
		};
		CAB3B9A518801E61002293B6 /* HandlelisteTests */ = {
			isa = PBXNativeTarget;
			buildConfigurationList = CAB3B9BA18801E61002293B6 /* Build configuration list for PBXNativeTarget "HandlelisteTests" */;
			buildPhases = (
				CAB3B9A218801E61002293B6 /* Sources */,
				CAB3B9A318801E61002293B6 /* Frameworks */,
				CAB3B9A418801E61002293B6 /* Resources */,
			);
			buildRules = (
			);
			dependencies = (
				CAB3B9AC18801E61002293B6 /* PBXTargetDependency */,
			);
			name = HandlelisteTests;
			productName = HandlelisteTests;
			productReference = CAB3B9A618801E61002293B6 /* HandlelisteTests.xctest */;
			productType = "com.apple.product-type.bundle.unit-test";
		};
/* End PBXNativeTarget section */

/* Begin PBXProject section */
		CAB3B98318801E61002293B6 /* Project object */ = {
			isa = PBXProject;
			attributes = {
				CLASSPREFIX = AUH;
				LastUpgradeCheck = 0500;
				ORGANIZATIONNAME = "Annette Undheim";
				TargetAttributes = {
					CAB3B9A518801E61002293B6 = {
						TestTargetID = CAB3B98A18801E61002293B6;
					};
				};
			};
			buildConfigurationList = CAB3B98618801E61002293B6 /* Build configuration list for PBXProject "Handleliste" */;
			compatibilityVersion = "Xcode 3.2";
			developmentRegion = English;
			hasScannedForEncodings = 0;
			knownRegions = (
				en,
			);
			mainGroup = CAB3B98218801E61002293B6;
			productRefGroup = CAB3B98C18801E61002293B6 /* Products */;
			projectDirPath = "";
			projectRoot = "";
			targets = (
				CAB3B98A18801E61002293B6 /* Handleliste */,
				CAB3B9A518801E61002293B6 /* HandlelisteTests */,
			);
		};
/* End PBXProject section */

/* Begin PBXResourcesBuildPhase section */
		CAB3B98918801E61002293B6 /* Resources */ = {
			isa = PBXResourcesBuildPhase;
			buildActionMask = 2147483647;
			files = (
				CA943AFB1883EFB00059BF38 /* seed.plist in Resources */,
				CA943B051887C5E50059BF38 /* AUHEditItemViewController.xib in Resources */,
				CAB3B99918801E61002293B6 /* InfoPlist.strings in Resources */,
				CA943B0018840ECA0059BF38 /* AUHAddItemViewController.xib in Resources */,
				CAB3B9A118801E61002293B6 /* Images.xcassets in Resources */,
				CA943B0C188E8D0A0059BF38 /* checkmark.png in Resources */,
				CA943B0D188E8D0A0059BF38 /* checkmark@2x.png in Resources */,
			);
			runOnlyForDeploymentPostprocessing = 0;
		};
		CAB3B9A418801E61002293B6 /* Resources */ = {
			isa = PBXResourcesBuildPhase;
			buildActionMask = 2147483647;
			files = (
				CAB3B9B218801E61002293B6 /* InfoPlist.strings in Resources */,
			);
			runOnlyForDeploymentPostprocessing = 0;
		};
/* End PBXResourcesBuildPhase section */

/* Begin PBXSourcesBuildPhase section */
		CAB3B98718801E61002293B6 /* Sources */ = {
			isa = PBXSourcesBuildPhase;
			buildActionMask = 2147483647;
			files = (
				CA943B08188C78880059BF38 /* AUHShoppingListViewController.m in Sources */,
				CA943AF618802AAE0059BF38 /* AUHListViewController.m in Sources */,
				CA943AF918802D4E0059BF38 /* AUHItem.m in Sources */,
				CA943B041887C5E50059BF38 /* AUHEditItemViewController.m in Sources */,
				CAC1DC64189682640047499F /* AUHConstants.m in Sources */,
				CAB3B99B18801E61002293B6 /* main.m in Sources */,
				CA943AFF18840ECA0059BF38 /* AUHAddItemViewController.m in Sources */,
				CAB3B99F18801E61002293B6 /* AUHAppDelegate.m in Sources */,
			);
			runOnlyForDeploymentPostprocessing = 0;
		};
		CAB3B9A218801E61002293B6 /* Sources */ = {
			isa = PBXSourcesBuildPhase;
			buildActionMask = 2147483647;
			files = (
				CAB3B9B418801E61002293B6 /* HandlelisteTests.m in Sources */,
			);
			runOnlyForDeploymentPostprocessing = 0;
		};
/* End PBXSourcesBuildPhase section */

/* Begin PBXTargetDependency section */
		CAB3B9AC18801E61002293B6 /* PBXTargetDependency */ = {
			isa = PBXTargetDependency;
			target = CAB3B98A18801E61002293B6 /* Handleliste */;
			targetProxy = CAB3B9AB18801E61002293B6 /* PBXContainerItemProxy */;
		};
/* End PBXTargetDependency section */

/* Begin PBXVariantGroup section */
		CAB3B99718801E61002293B6 /* InfoPlist.strings */ = {
			isa = PBXVariantGroup;
			children = (
				CAB3B99818801E61002293B6 /* en */,
			);
			name = InfoPlist.strings;
			sourceTree = "<group>";
		};
		CAB3B9B018801E61002293B6 /* InfoPlist.strings */ = {
			isa = PBXVariantGroup;
			children = (
				CAB3B9B118801E61002293B6 /* en */,
			);
			name = InfoPlist.strings;
			sourceTree = "<group>";
		};
/* End PBXVariantGroup section */

/* Begin XCBuildConfiguration section */
		CAB3B9B518801E61002293B6 /* Debug */ = {
			isa = XCBuildConfiguration;
			buildSettings = {
				ALWAYS_SEARCH_USER_PATHS = NO;
				ARCHS = "$(ARCHS_STANDARD_INCLUDING_64_BIT)";
				CLANG_CXX_LANGUAGE_STANDARD = "gnu++0x";
				CLANG_CXX_LIBRARY = "libc++";
				CLANG_ENABLE_MODULES = YES;
				CLANG_ENABLE_OBJC_ARC = YES;
				CLANG_WARN_BOOL_CONVERSION = YES;
				CLANG_WARN_CONSTANT_CONVERSION = YES;
				CLANG_WARN_DIRECT_OBJC_ISA_USAGE = YES_ERROR;
				CLANG_WARN_EMPTY_BODY = YES;
				CLANG_WARN_ENUM_CONVERSION = YES;
				CLANG_WARN_INT_CONVERSION = YES;
				CLANG_WARN_OBJC_ROOT_CLASS = YES_ERROR;
				CLANG_WARN__DUPLICATE_METHOD_MATCH = YES;
				"CODE_SIGN_IDENTITY[sdk=iphoneos*]" = "iPhone Developer";
				COPY_PHASE_STRIP = NO;
				GCC_C_LANGUAGE_STANDARD = gnu99;
				GCC_DYNAMIC_NO_PIC = NO;
				GCC_OPTIMIZATION_LEVEL = 0;
				GCC_PREPROCESSOR_DEFINITIONS = (
					"DEBUG=1",
					"$(inherited)",
				);
				GCC_SYMBOLS_PRIVATE_EXTERN = NO;
				GCC_WARN_64_TO_32_BIT_CONVERSION = YES;
				GCC_WARN_ABOUT_RETURN_TYPE = YES_ERROR;
				GCC_WARN_UNDECLARED_SELECTOR = YES;
				GCC_WARN_UNINITIALIZED_AUTOS = YES;
				GCC_WARN_UNUSED_FUNCTION = YES;
				GCC_WARN_UNUSED_VARIABLE = YES;
				IPHONEOS_DEPLOYMENT_TARGET = 7.0;
				ONLY_ACTIVE_ARCH = YES;
				SDKROOT = iphoneos;
			};
			name = Debug;
		};
		CAB3B9B618801E61002293B6 /* Release */ = {
			isa = XCBuildConfiguration;
			buildSettings = {
				ALWAYS_SEARCH_USER_PATHS = NO;
				ARCHS = "$(ARCHS_STANDARD_INCLUDING_64_BIT)";
				CLANG_CXX_LANGUAGE_STANDARD = "gnu++0x";
				CLANG_CXX_LIBRARY = "libc++";
				CLANG_ENABLE_MODULES = YES;
				CLANG_ENABLE_OBJC_ARC = YES;
				CLANG_WARN_BOOL_CONVERSION = YES;
				CLANG_WARN_CONSTANT_CONVERSION = YES;
				CLANG_WARN_DIRECT_OBJC_ISA_USAGE = YES_ERROR;
				CLANG_WARN_EMPTY_BODY = YES;
				CLANG_WARN_ENUM_CONVERSION = YES;
				CLANG_WARN_INT_CONVERSION = YES;
				CLANG_WARN_OBJC_ROOT_CLASS = YES_ERROR;
				CLANG_WARN__DUPLICATE_METHOD_MATCH = YES;
				"CODE_SIGN_IDENTITY[sdk=iphoneos*]" = "iPhone Developer";
				COPY_PHASE_STRIP = YES;
				ENABLE_NS_ASSERTIONS = NO;
				GCC_C_LANGUAGE_STANDARD = gnu99;
				GCC_WARN_64_TO_32_BIT_CONVERSION = YES;
				GCC_WARN_ABOUT_RETURN_TYPE = YES_ERROR;
				GCC_WARN_UNDECLARED_SELECTOR = YES;
				GCC_WARN_UNINITIALIZED_AUTOS = YES;
				GCC_WARN_UNUSED_FUNCTION = YES;
				GCC_WARN_UNUSED_VARIABLE = YES;
				IPHONEOS_DEPLOYMENT_TARGET = 7.0;
				SDKROOT = iphoneos;
				VALIDATE_PRODUCT = YES;
			};
			name = Release;
		};
		CAB3B9B818801E61002293B6 /* Debug */ = {
			isa = XCBuildConfiguration;
			buildSettings = {
				ASSETCATALOG_COMPILER_APPICON_NAME = AppIcon;
				ASSETCATALOG_COMPILER_LAUNCHIMAGE_NAME = LaunchImage;
				GCC_PRECOMPILE_PREFIX_HEADER = YES;
				GCC_PREFIX_HEADER = "Handleliste/Handleliste-Prefix.pch";
				INFOPLIST_FILE = "Handleliste/Handleliste-Info.plist";
				PRODUCT_NAME = "$(TARGET_NAME)";
				WRAPPER_EXTENSION = app;
			};
			name = Debug;
		};
		CAB3B9B918801E61002293B6 /* Release */ = {
			isa = XCBuildConfiguration;
			buildSettings = {
				ASSETCATALOG_COMPILER_APPICON_NAME = AppIcon;
				ASSETCATALOG_COMPILER_LAUNCHIMAGE_NAME = LaunchImage;
				GCC_PRECOMPILE_PREFIX_HEADER = YES;
				GCC_PREFIX_HEADER = "Handleliste/Handleliste-Prefix.pch";
				INFOPLIST_FILE = "Handleliste/Handleliste-Info.plist";
				PRODUCT_NAME = "$(TARGET_NAME)";
				WRAPPER_EXTENSION = app;
			};
			name = Release;
		};
		CAB3B9BB18801E61002293B6 /* Debug */ = {
			isa = XCBuildConfiguration;
			buildSettings = {
				ARCHS = "$(ARCHS_STANDARD_INCLUDING_64_BIT)";
				BUNDLE_LOADER = "$(BUILT_PRODUCTS_DIR)/Handleliste.app/Handleliste";
				FRAMEWORK_SEARCH_PATHS = (
					"$(SDKROOT)/Developer/Library/Frameworks",
					"$(inherited)",
					"$(DEVELOPER_FRAMEWORKS_DIR)",
				);
				GCC_PRECOMPILE_PREFIX_HEADER = YES;
				GCC_PREFIX_HEADER = "Handleliste/Handleliste-Prefix.pch";
				GCC_PREPROCESSOR_DEFINITIONS = (
					"DEBUG=1",
					"$(inherited)",
				);
				INFOPLIST_FILE = "HandlelisteTests/HandlelisteTests-Info.plist";
				PRODUCT_NAME = "$(TARGET_NAME)";
				TEST_HOST = "$(BUNDLE_LOADER)";
				WRAPPER_EXTENSION = xctest;
			};
			name = Debug;
		};
		CAB3B9BC18801E61002293B6 /* Release */ = {
			isa = XCBuildConfiguration;
			buildSettings = {
				ARCHS = "$(ARCHS_STANDARD_INCLUDING_64_BIT)";
				BUNDLE_LOADER = "$(BUILT_PRODUCTS_DIR)/Handleliste.app/Handleliste";
				FRAMEWORK_SEARCH_PATHS = (
					"$(SDKROOT)/Developer/Library/Frameworks",
					"$(inherited)",
					"$(DEVELOPER_FRAMEWORKS_DIR)",
				);
				GCC_PRECOMPILE_PREFIX_HEADER = YES;
				GCC_PREFIX_HEADER = "Handleliste/Handleliste-Prefix.pch";
				INFOPLIST_FILE = "HandlelisteTests/HandlelisteTests-Info.plist";
				PRODUCT_NAME = "$(TARGET_NAME)";
				TEST_HOST = "$(BUNDLE_LOADER)";
				WRAPPER_EXTENSION = xctest;
			};
			name = Release;
		};
/* End XCBuildConfiguration section */

/* Begin XCConfigurationList section */
		CAB3B98618801E61002293B6 /* Build configuration list for PBXProject "Handleliste" */ = {
			isa = XCConfigurationList;
			buildConfigurations = (
				CAB3B9B518801E61002293B6 /* Debug */,
				CAB3B9B618801E61002293B6 /* Release */,
			);
			defaultConfigurationIsVisible = 0;
			defaultConfigurationName = Release;
		};
		CAB3B9B718801E61002293B6 /* Build configuration list for PBXNativeTarget "Handleliste" */ = {
			isa = XCConfigurationList;
			buildConfigurations = (
				CAB3B9B818801E61002293B6 /* Debug */,
				CAB3B9B918801E61002293B6 /* Release */,
			);
			defaultConfigurationIsVisible = 0;
			defaultConfigurationName = Release;
		};
		CAB3B9BA18801E61002293B6 /* Build configuration list for PBXNativeTarget "HandlelisteTests" */ = {
			isa = XCConfigurationList;
			buildConfigurations = (
				CAB3B9BB18801E61002293B6 /* Debug */,
				CAB3B9BC18801E61002293B6 /* Release */,
			);
			defaultConfigurationIsVisible = 0;
			defaultConfigurationName = Release;
		};
/* End XCConfigurationList section */
	};
	rootObject = CAB3B98318801E61002293B6 /* Project object */;
}
